// !$*UTF8*$!
{
	archiveVersion = 1;
	classes = {
	};
	objectVersion = 46;
	objects = {

/* Begin PBXBuildFile section */
		2684A916EBB239BBF2440ED9 /* Pods_ScrumPok3r.framework in Frameworks */ = {isa = PBXBuildFile; fileRef = B9B9000254FFDB48B89F5881 /* Pods_ScrumPok3r.framework */; };
		D7433DF31DDA346000D38BEE /* AppDelegate.swift in Sources */ = {isa = PBXBuildFile; fileRef = D7433DF21DDA346000D38BEE /* AppDelegate.swift */; };
		D7433DF51DDA346000D38BEE /* Pok3rCardsViewController.swift in Sources */ = {isa = PBXBuildFile; fileRef = D7433DF41DDA346000D38BEE /* Pok3rCardsViewController.swift */; };
		D7433DF81DDA346000D38BEE /* Main.storyboard in Resources */ = {isa = PBXBuildFile; fileRef = D7433DF61DDA346000D38BEE /* Main.storyboard */; };
		D7433DFA1DDA346000D38BEE /* Assets.xcassets in Resources */ = {isa = PBXBuildFile; fileRef = D7433DF91DDA346000D38BEE /* Assets.xcassets */; };
		D7433DFD1DDA346000D38BEE /* LaunchScreen.storyboard in Resources */ = {isa = PBXBuildFile; fileRef = D7433DFB1DDA346000D38BEE /* LaunchScreen.storyboard */; };
		D7433E061DDA47D800D38BEE /* CardViewController.swift in Sources */ = {isa = PBXBuildFile; fileRef = D7433E051DDA47D800D38BEE /* CardViewController.swift */; };
/* End PBXBuildFile section */

/* Begin PBXFileReference section */
		5219C6FBC5D142FA5A01753D /* Pods-ScrumPok3r.release.xcconfig */ = {isa = PBXFileReference; includeInIndex = 1; lastKnownFileType = text.xcconfig; name = "Pods-ScrumPok3r.release.xcconfig"; path = "Pods/Target Support Files/Pods-ScrumPok3r/Pods-ScrumPok3r.release.xcconfig"; sourceTree = "<group>"; };
		B9B9000254FFDB48B89F5881 /* Pods_ScrumPok3r.framework */ = {isa = PBXFileReference; explicitFileType = wrapper.framework; includeInIndex = 0; path = Pods_ScrumPok3r.framework; sourceTree = BUILT_PRODUCTS_DIR; };
		D7433DEF1DDA346000D38BEE /* ScrumPok3r.app */ = {isa = PBXFileReference; explicitFileType = wrapper.application; includeInIndex = 0; path = ScrumPok3r.app; sourceTree = BUILT_PRODUCTS_DIR; };
		D7433DF21DDA346000D38BEE /* AppDelegate.swift */ = {isa = PBXFileReference; lastKnownFileType = sourcecode.swift; path = AppDelegate.swift; sourceTree = "<group>"; };
		D7433DF41DDA346000D38BEE /* Pok3rCardsViewController.swift */ = {isa = PBXFileReference; lastKnownFileType = sourcecode.swift; path = Pok3rCardsViewController.swift; sourceTree = "<group>"; };
		D7433DF71DDA346000D38BEE /* Base */ = {isa = PBXFileReference; lastKnownFileType = file.storyboard; name = Base; path = Base.lproj/Main.storyboard; sourceTree = "<group>"; };
		D7433DF91DDA346000D38BEE /* Assets.xcassets */ = {isa = PBXFileReference; lastKnownFileType = folder.assetcatalog; path = Assets.xcassets; sourceTree = "<group>"; };
		D7433DFC1DDA346000D38BEE /* Base */ = {isa = PBXFileReference; lastKnownFileType = file.storyboard; name = Base; path = Base.lproj/LaunchScreen.storyboard; sourceTree = "<group>"; };
		D7433DFE1DDA346000D38BEE /* Info.plist */ = {isa = PBXFileReference; lastKnownFileType = text.plist.xml; path = Info.plist; sourceTree = "<group>"; };
		D7433E051DDA47D800D38BEE /* CardViewController.swift */ = {isa = PBXFileReference; fileEncoding = 4; lastKnownFileType = sourcecode.swift; path = CardViewController.swift; sourceTree = "<group>"; };
		DAA15CBB2546013DDDC46A8C /* Pods-ScrumPok3r.debug.xcconfig */ = {isa = PBXFileReference; includeInIndex = 1; lastKnownFileType = text.xcconfig; name = "Pods-ScrumPok3r.debug.xcconfig"; path = "Pods/Target Support Files/Pods-ScrumPok3r/Pods-ScrumPok3r.debug.xcconfig"; sourceTree = "<group>"; };
/* End PBXFileReference section */

/* Begin PBXFrameworksBuildPhase section */
		D7433DEC1DDA345F00D38BEE /* Frameworks */ = {
			isa = PBXFrameworksBuildPhase;
			buildActionMask = 2147483647;
			files = (
				2684A916EBB239BBF2440ED9 /* Pods_ScrumPok3r.framework in Frameworks */,
			);
			runOnlyForDeploymentPostprocessing = 0;
		};
/* End PBXFrameworksBuildPhase section */

/* Begin PBXGroup section */
		9B8E1D8227B8DC3C15055DD3 /* Frameworks */ = {
			isa = PBXGroup;
			children = (
				B9B9000254FFDB48B89F5881 /* Pods_ScrumPok3r.framework */,
			);
			name = Frameworks;
			sourceTree = "<group>";
		};
		B035B5CB19AC7CD54E12A1B7 /* Pods */ = {
			isa = PBXGroup;
			children = (
				DAA15CBB2546013DDDC46A8C /* Pods-ScrumPok3r.debug.xcconfig */,
				5219C6FBC5D142FA5A01753D /* Pods-ScrumPok3r.release.xcconfig */,
			);
			name = Pods;
			sourceTree = "<group>";
		};
		D7433DE61DDA345F00D38BEE = {
			isa = PBXGroup;
			children = (
				D7433DF11DDA346000D38BEE /* ScrumPok3r */,
				D7433DF01DDA346000D38BEE /* Products */,
				B035B5CB19AC7CD54E12A1B7 /* Pods */,
				9B8E1D8227B8DC3C15055DD3 /* Frameworks */,
			);
			sourceTree = "<group>";
		};
		D7433DF01DDA346000D38BEE /* Products */ = {
			isa = PBXGroup;
			children = (
				D7433DEF1DDA346000D38BEE /* ScrumPok3r.app */,
			);
			name = Products;
			sourceTree = "<group>";
		};
		D7433DF11DDA346000D38BEE /* ScrumPok3r */ = {
			isa = PBXGroup;
			children = (
				D7433E041DDA349200D38BEE /* SupportingFiles */,
				D7433DF41DDA346000D38BEE /* Pok3rCardsViewController.swift */,
				D7433E051DDA47D800D38BEE /* CardViewController.swift */,
				D7433DF61DDA346000D38BEE /* Main.storyboard */,
			);
			path = ScrumPok3r;
			sourceTree = "<group>";
		};
		D7433E041DDA349200D38BEE /* SupportingFiles */ = {
			isa = PBXGroup;
			children = (
				D7433DF21DDA346000D38BEE /* AppDelegate.swift */,
				D7433DF91DDA346000D38BEE /* Assets.xcassets */,
				D7433DFB1DDA346000D38BEE /* LaunchScreen.storyboard */,
				D7433DFE1DDA346000D38BEE /* Info.plist */,
			);
			name = SupportingFiles;
			sourceTree = "<group>";
		};
/* End PBXGroup section */

/* Begin PBXNativeTarget section */
		D7433DEE1DDA345F00D38BEE /* ScrumPok3r */ = {
			isa = PBXNativeTarget;
			buildConfigurationList = D7433E011DDA346000D38BEE /* Build configuration list for PBXNativeTarget "ScrumPok3r" */;
			buildPhases = (
				D59FA3009E9BAFB1DA64F561 /* [CP] Check Pods Manifest.lock */,
				D7433DEB1DDA345F00D38BEE /* Sources */,
				D7433DEC1DDA345F00D38BEE /* Frameworks */,
				D7433DED1DDA345F00D38BEE /* Resources */,
				98CF89FD9C116A74D9458404 /* [CP] Embed Pods Frameworks */,
				1F8AF198049F4959E226D847 /* [CP] Copy Pods Resources */,
			);
			buildRules = (
			);
			dependencies = (
			);
			name = ScrumPok3r;
			productName = ScrumPok3r;
			productReference = D7433DEF1DDA346000D38BEE /* ScrumPok3r.app */;
			productType = "com.apple.product-type.application";
		};
/* End PBXNativeTarget section */

/* Begin PBXProject section */
		D7433DE71DDA345F00D38BEE /* Project object */ = {
			isa = PBXProject;
			attributes = {
				LastSwiftUpdateCheck = 0810;
				LastUpgradeCheck = 0830;
				ORGANIZATIONNAME = "Augusto Spinelli";
				TargetAttributes = {
					D7433DEE1DDA345F00D38BEE = {
						CreatedOnToolsVersion = 8.1;
						DevelopmentTeam = S38FCA8567;
						ProvisioningStyle = Automatic;
					};
				};
			};
			buildConfigurationList = D7433DEA1DDA345F00D38BEE /* Build configuration list for PBXProject "ScrumPok3r" */;
			compatibilityVersion = "Xcode 3.2";
			developmentRegion = English;
			hasScannedForEncodings = 0;
			knownRegions = (
				en,
				Base,
			);
			mainGroup = D7433DE61DDA345F00D38BEE;
			productRefGroup = D7433DF01DDA346000D38BEE /* Products */;
			projectDirPath = "";
			projectRoot = "";
			targets = (
				D7433DEE1DDA345F00D38BEE /* ScrumPok3r */,
			);
		};
/* End PBXProject section */

/* Begin PBXResourcesBuildPhase section */
		D7433DED1DDA345F00D38BEE /* Resources */ = {
			isa = PBXResourcesBuildPhase;
			buildActionMask = 2147483647;
			files = (
				D7433DFD1DDA346000D38BEE /* LaunchScreen.storyboard in Resources */,
				D7433DFA1DDA346000D38BEE /* Assets.xcassets in Resources */,
				D7433DF81DDA346000D38BEE /* Main.storyboard in Resources */,
			);
			runOnlyForDeploymentPostprocessing = 0;
		};
/* End PBXResourcesBuildPhase section */

/* Begin PBXShellScriptBuildPhase section */
		1F8AF198049F4959E226D847 /* [CP] Copy Pods Resources */ = {
			isa = PBXShellScriptBuildPhase;
			buildActionMask = 2147483647;
			files = (
			);
			inputPaths = (
			);
			name = "[CP] Copy Pods Resources";
			outputPaths = (
			);
			runOnlyForDeploymentPostprocessing = 0;
			shellPath = /bin/sh;
			shellScript = "\"${SRCROOT}/Pods/Target Support Files/Pods-ScrumPok3r/Pods-ScrumPok3r-resources.sh\"\n";
			showEnvVarsInLog = 0;
		};
		98CF89FD9C116A74D9458404 /* [CP] Embed Pods Frameworks */ = {
			isa = PBXShellScriptBuildPhase;
			buildActionMask = 2147483647;
			files = (
			);
			inputPaths = (
			);
			name = "[CP] Embed Pods Frameworks";
			outputPaths = (
			);
			runOnlyForDeploymentPostprocessing = 0;
			shellPath = /bin/sh;
			shellScript = "\"${SRCROOT}/Pods/Target Support Files/Pods-ScrumPok3r/Pods-ScrumPok3r-frameworks.sh\"\n";
			showEnvVarsInLog = 0;
		};
		D59FA3009E9BAFB1DA64F561 /* [CP] Check Pods Manifest.lock */ = {
			isa = PBXShellScriptBuildPhase;
			buildActionMask = 2147483647;
			files = (
			);
			inputPaths = (
			);
			name = "[CP] Check Pods Manifest.lock";
			outputPaths = (
			);
			runOnlyForDeploymentPostprocessing = 0;
			shellPath = /bin/sh;
			shellScript = "diff \"${PODS_ROOT}/../Podfile.lock\" \"${PODS_ROOT}/Manifest.lock\" > /dev/null\nif [ $? != 0 ] ; then\n    # print error to STDERR\n    echo \"error: The sandbox is not in sync with the Podfile.lock. Run 'pod install' or update your CocoaPods installation.\" >&2\n    exit 1\nfi\n";
			showEnvVarsInLog = 0;
		};
/* End PBXShellScriptBuildPhase section */

/* Begin PBXSourcesBuildPhase section */
		D7433DEB1DDA345F00D38BEE /* Sources */ = {
			isa = PBXSourcesBuildPhase;
			buildActionMask = 2147483647;
			files = (
				D7433DF51DDA346000D38BEE /* Pok3rCardsViewController.swift in Sources */,
				D7433DF31DDA346000D38BEE /* AppDelegate.swift in Sources */,
				D7433E061DDA47D800D38BEE /* CardViewController.swift in Sources */,
			);
			runOnlyForDeploymentPostprocessing = 0;
		};
/* End PBXSourcesBuildPhase section */

/* Begin PBXVariantGroup section */
		D7433DF61DDA346000D38BEE /* Main.storyboard */ = {
			isa = PBXVariantGroup;
			children = (
				D7433DF71DDA346000D38BEE /* Base */,
			);
			name = Main.storyboard;
			sourceTree = "<group>";
		};
		D7433DFB1DDA346000D38BEE /* LaunchScreen.storyboard */ = {
			isa = PBXVariantGroup;
			children = (
				D7433DFC1DDA346000D38BEE /* Base */,
			);
			name = LaunchScreen.storyboard;
			sourceTree = "<group>";
		};
/* End PBXVariantGroup section */

/* Begin XCBuildConfiguration section */
		D7433DFF1DDA346000D38BEE /* Debug */ = {
			isa = XCBuildConfiguration;
			buildSettings = {
				ALWAYS_SEARCH_USER_PATHS = NO;
				CLANG_ANALYZER_NONNULL = YES;
				CLANG_CXX_LANGUAGE_STANDARD = "gnu++0x";
				CLANG_CXX_LIBRARY = "libc++";
				CLANG_ENABLE_MODULES = YES;
				CLANG_ENABLE_OBJC_ARC = YES;
				CLANG_WARN_BOOL_CONVERSION = YES;
				CLANG_WARN_CONSTANT_CONVERSION = YES;
				CLANG_WARN_DIRECT_OBJC_ISA_USAGE = YES_ERROR;
				CLANG_WARN_DOCUMENTATION_COMMENTS = YES;
				CLANG_WARN_EMPTY_BODY = YES;
				CLANG_WARN_ENUM_CONVERSION = YES;
				CLANG_WARN_INFINITE_RECURSION = YES;
				CLANG_WARN_INT_CONVERSION = YES;
				CLANG_WARN_OBJC_ROOT_CLASS = YES_ERROR;
				CLANG_WARN_SUSPICIOUS_MOVE = YES;
				CLANG_WARN_SUSPICIOUS_MOVES = YES;
				CLANG_WARN_UNREACHABLE_CODE = YES;
				CLANG_WARN__DUPLICATE_METHOD_MATCH = YES;
				"CODE_SIGN_IDENTITY[sdk=iphoneos*]" = "iPhone Developer";
				COPY_PHASE_STRIP = NO;
				DEBUG_INFORMATION_FORMAT = dwarf;
				ENABLE_STRICT_OBJC_MSGSEND = YES;
				ENABLE_TESTABILITY = YES;
				GCC_C_LANGUAGE_STANDARD = gnu99;
				GCC_DYNAMIC_NO_PIC = NO;
				GCC_NO_COMMON_BLOCKS = YES;
				GCC_OPTIMIZATION_LEVEL = 0;
				GCC_PREPROCESSOR_DEFINITIONS = (
					"DEBUG=1",
					"$(inherited)",
				);
				GCC_WARN_64_TO_32_BIT_CONVERSION = YES;
				GCC_WARN_ABOUT_RETURN_TYPE = YES_ERROR;
				GCC_WARN_UNDECLARED_SELECTOR = YES;
				GCC_WARN_UNINITIALIZED_AUTOS = YES_AGGRESSIVE;
				GCC_WARN_UNUSED_FUNCTION = YES;
				GCC_WARN_UNUSED_VARIABLE = YES;
				IPHONEOS_DEPLOYMENT_TARGET = 10.1;
				MTL_ENABLE_DEBUG_INFO = YES;
				ONLY_ACTIVE_ARCH = YES;
				SDKROOT = iphoneos;
				SWIFT_ACTIVE_COMPILATION_CONDITIONS = DEBUG;
				SWIFT_OPTIMIZATION_LEVEL = "-Onone";
				TARGETED_DEVICE_FAMILY = "1,2";
			};
			name = Debug;
		};
		D7433E001DDA346000D38BEE /* Release */ = {
			isa = XCBuildConfiguration;
			buildSettings = {
				ALWAYS_SEARCH_USER_PATHS = NO;
				CLANG_ANALYZER_NONNULL = YES;
				CLANG_CXX_LANGUAGE_STANDARD = "gnu++0x";
				CLANG_CXX_LIBRARY = "libc++";
				CLANG_ENABLE_MODULES = YES;
				CLANG_ENABLE_OBJC_ARC = YES;
				CLANG_WARN_BOOL_CONVERSION = YES;
				CLANG_WARN_CONSTANT_CONVERSION = YES;
				CLANG_WARN_DIRECT_OBJC_ISA_USAGE = YES_ERROR;
				CLANG_WARN_DOCUMENTATION_COMMENTS = YES;
				CLANG_WARN_EMPTY_BODY = YES;
				CLANG_WARN_ENUM_CONVERSION = YES;
				CLANG_WARN_INFINITE_RECURSION = YES;
				CLANG_WARN_INT_CONVERSION = YES;
				CLANG_WARN_OBJC_ROOT_CLASS = YES_ERROR;
				CLANG_WARN_SUSPICIOUS_MOVE = YES;
				CLANG_WARN_SUSPICIOUS_MOVES = YES;
				CLANG_WARN_UNREACHABLE_CODE = YES;
				CLANG_WARN__DUPLICATE_METHOD_MATCH = YES;
				"CODE_SIGN_IDENTITY[sdk=iphoneos*]" = "iPhone Developer";
				COPY_PHASE_STRIP = NO;
				DEBUG_INFORMATION_FORMAT = "dwarf-with-dsym";
				ENABLE_NS_ASSERTIONS = NO;
				ENABLE_STRICT_OBJC_MSGSEND = YES;
				GCC_C_LANGUAGE_STANDARD = gnu99;
				GCC_NO_COMMON_BLOCKS = YES;
				GCC_WARN_64_TO_32_BIT_CONVERSION = YES;
				GCC_WARN_ABOUT_RETURN_TYPE = YES_ERROR;
				GCC_WARN_UNDECLARED_SELECTOR = YES;
				GCC_WARN_UNINITIALIZED_AUTOS = YES_AGGRESSIVE;
				GCC_WARN_UNUSED_FUNCTION = YES;
				GCC_WARN_UNUSED_VARIABLE = YES;
				IPHONEOS_DEPLOYMENT_TARGET = 10.1;
				MTL_ENABLE_DEBUG_INFO = NO;
				SDKROOT = iphoneos;
				SWIFT_OPTIMIZATION_LEVEL = "-Owholemodule";
				TARGETED_DEVICE_FAMILY = "1,2";
				VALIDATE_PRODUCT = YES;
			};
			name = Release;
		};
		D7433E021DDA346000D38BEE /* Debug */ = {
			isa = XCBuildConfiguration;
			baseConfigurationReference = DAA15CBB2546013DDDC46A8C /* Pods-ScrumPok3r.debug.xcconfig */;
			buildSettings = {
				ASSETCATALOG_COMPILER_APPICON_NAME = AppIcon;
				DEVELOPMENT_TEAM = S38FCA8567;
				INFOPLIST_FILE = ScrumPok3r/Info.plist;
				LD_RUNPATH_SEARCH_PATHS = "$(inherited) @executable_path/Frameworks";
				PRODUCT_BUNDLE_IDENTIFIER = Spinelli.ScrumPok3r;
				PRODUCT_NAME = "$(TARGET_NAME)";
				SWIFT_VERSION = 3.0;
			};
			name = Debug;
		};
		D7433E031DDA346000D38BEE /* Release */ = {
			isa = XCBuildConfiguration;
			baseConfigurationReference = 5219C6FBC5D142FA5A01753D /* Pods-ScrumPok3r.release.xcconfig */;
			buildSettings = {
				ASSETCATALOG_COMPILER_APPICON_NAME = AppIcon;
				DEVELOPMENT_TEAM = S38FCA8567;
				INFOPLIST_FILE = ScrumPok3r/Info.plist;
				LD_RUNPATH_SEARCH_PATHS = "$(inherited) @executable_path/Frameworks";
				PRODUCT_BUNDLE_IDENTIFIER = Spinelli.ScrumPok3r;
				PRODUCT_NAME = "$(TARGET_NAME)";
				SWIFT_VERSION = 3.0;
			};
			name = Release;
		};
/* End XCBuildConfiguration section */

/* Begin XCConfigurationList section */
		D7433DEA1DDA345F00D38BEE /* Build configuration list for PBXProject "ScrumPok3r" */ = {
			isa = XCConfigurationList;
			buildConfigurations = (
				D7433DFF1DDA346000D38BEE /* Debug */,
				D7433E001DDA346000D38BEE /* Release */,
			);
			defaultConfigurationIsVisible = 0;
			defaultConfigurationName = Release;
		};
		D7433E011DDA346000D38BEE /* Build configuration list for PBXNativeTarget "ScrumPok3r" */ = {
			isa = XCConfigurationList;
			buildConfigurations = (
				D7433E021DDA346000D38BEE /* Debug */,
				D7433E031DDA346000D38BEE /* Release */,
			);
			defaultConfigurationIsVisible = 0;
			defaultConfigurationName = Release;
		};
/* End XCConfigurationList section */
	};
	rootObject = D7433DE71DDA345F00D38BEE /* Project object */;
}
